// !$*UTF8*$!
{
	archiveVersion = 1;
	classes = {
	};
	objectVersion = 46;
	objects = {

/* Begin PBXBuildFile section */
		4E4161D012F907725A71CB54 /* libPods-AceJump.a in Frameworks */ = {isa = PBXBuildFile; fileRef = 0049AC2385028A6BC76AF87C /* libPods-AceJump.a */; };
		888D21971B032415002B3302 /* AppKit.framework in Frameworks */ = {isa = PBXBuildFile; fileRef = 888D21961B032415002B3302 /* AppKit.framework */; };
		888D21991B032415002B3302 /* Foundation.framework in Frameworks */ = {isa = PBXBuildFile; fileRef = 888D21981B032415002B3302 /* Foundation.framework */; };
		888D219E1B032415002B3302 /* AceJump.xcscheme in Resources */ = {isa = PBXBuildFile; fileRef = 888D219D1B032415002B3302 /* AceJump.xcscheme */; };
		888D21A11B032415002B3302 /* AceJump.m in Sources */ = {isa = PBXBuildFile; fileRef = 888D21A01B032415002B3302 /* AceJump.m */; };
/* End PBXBuildFile section */

/* Begin PBXFileReference section */
		0049AC2385028A6BC76AF87C /* libPods-AceJump.a */ = {isa = PBXFileReference; explicitFileType = archive.ar; includeInIndex = 0; path = "libPods-AceJump.a"; sourceTree = BUILT_PRODUCTS_DIR; };
		7DF9C23DE4F43C8C3880D261 /* Pods-AceJump.release.xcconfig */ = {isa = PBXFileReference; includeInIndex = 1; lastKnownFileType = text.xcconfig; name = "Pods-AceJump.release.xcconfig"; path = "Pods/Target Support Files/Pods-AceJump/Pods-AceJump.release.xcconfig"; sourceTree = "<group>"; };
		888D21931B032415002B3302 /* AceJump.xcplugin */ = {isa = PBXFileReference; explicitFileType = wrapper.cfbundle; includeInIndex = 0; path = AceJump.xcplugin; sourceTree = BUILT_PRODUCTS_DIR; };
		888D21961B032415002B3302 /* AppKit.framework */ = {isa = PBXFileReference; lastKnownFileType = wrapper.framework; name = AppKit.framework; path = /System/Library/Frameworks/AppKit.framework; sourceTree = "<absolute>"; };
		888D21981B032415002B3302 /* Foundation.framework */ = {isa = PBXFileReference; lastKnownFileType = wrapper.framework; name = Foundation.framework; path = /System/Library/Frameworks/Foundation.framework; sourceTree = "<absolute>"; };
		888D219C1B032415002B3302 /* Info.plist */ = {isa = PBXFileReference; lastKnownFileType = text.plist.xml; path = Info.plist; sourceTree = "<group>"; };
		888D219D1B032415002B3302 /* AceJump.xcscheme */ = {isa = PBXFileReference; lastKnownFileType = text.xml; name = AceJump.xcscheme; path = AceJump.xcodeproj/xcshareddata/xcschemes/AceJump.xcscheme; sourceTree = SOURCE_ROOT; };
		888D219F1B032415002B3302 /* AceJump.h */ = {isa = PBXFileReference; lastKnownFileType = sourcecode.c.h; path = AceJump.h; sourceTree = "<group>"; };
		888D21A01B032415002B3302 /* AceJump.m */ = {isa = PBXFileReference; lastKnownFileType = sourcecode.c.objc; path = AceJump.m; sourceTree = "<group>"; };
		C93A36CB026EBD7A214BE2B9 /* Pods-AceJump.debug.xcconfig */ = {isa = PBXFileReference; includeInIndex = 1; lastKnownFileType = text.xcconfig; name = "Pods-AceJump.debug.xcconfig"; path = "Pods/Target Support Files/Pods-AceJump/Pods-AceJump.debug.xcconfig"; sourceTree = "<group>"; };
/* End PBXFileReference section */

/* Begin PBXFrameworksBuildPhase section */
		888D21911B032415002B3302 /* Frameworks */ = {
			isa = PBXFrameworksBuildPhase;
			buildActionMask = 2147483647;
			files = (
				888D21971B032415002B3302 /* AppKit.framework in Frameworks */,
				888D21991B032415002B3302 /* Foundation.framework in Frameworks */,
				4E4161D012F907725A71CB54 /* libPods-AceJump.a in Frameworks */,
			);
			runOnlyForDeploymentPostprocessing = 0;
		};
/* End PBXFrameworksBuildPhase section */

/* Begin PBXGroup section */
		6B173B7B69938EC4A1C27CC7 /* Pods */ = {
			isa = PBXGroup;
			children = (
				C93A36CB026EBD7A214BE2B9 /* Pods-AceJump.debug.xcconfig */,
				7DF9C23DE4F43C8C3880D261 /* Pods-AceJump.release.xcconfig */,
			);
			name = Pods;
			sourceTree = "<group>";
		};
		888D218A1B032415002B3302 = {
			isa = PBXGroup;
			children = (
				888D219A1B032415002B3302 /* AceJump */,
				888D21951B032415002B3302 /* Frameworks */,
				888D21941B032415002B3302 /* Products */,
				6B173B7B69938EC4A1C27CC7 /* Pods */,
			);
			sourceTree = "<group>";
		};
		888D21941B032415002B3302 /* Products */ = {
			isa = PBXGroup;
			children = (
				888D21931B032415002B3302 /* AceJump.xcplugin */,
			);
			name = Products;
			sourceTree = "<group>";
		};
		888D21951B032415002B3302 /* Frameworks */ = {
			isa = PBXGroup;
			children = (
				888D21961B032415002B3302 /* AppKit.framework */,
				888D21981B032415002B3302 /* Foundation.framework */,
				0049AC2385028A6BC76AF87C /* libPods-AceJump.a */,
			);
			name = Frameworks;
			sourceTree = "<group>";
		};
		888D219A1B032415002B3302 /* AceJump */ = {
			isa = PBXGroup;
			children = (
				888D219F1B032415002B3302 /* AceJump.h */,
				888D21A01B032415002B3302 /* AceJump.m */,
				888D219B1B032415002B3302 /* Supporting Files */,
			);
			path = AceJump;
			sourceTree = "<group>";
		};
		888D219B1B032415002B3302 /* Supporting Files */ = {
			isa = PBXGroup;
			children = (
				888D219C1B032415002B3302 /* Info.plist */,
				888D219D1B032415002B3302 /* AceJump.xcscheme */,
			);
			name = "Supporting Files";
			sourceTree = "<group>";
		};
/* End PBXGroup section */

/* Begin PBXNativeTarget section */
		888D21921B032415002B3302 /* AceJump */ = {
			isa = PBXNativeTarget;
			buildConfigurationList = 888D21A41B032415002B3302 /* Build configuration list for PBXNativeTarget "AceJump" */;
			buildPhases = (
				06400C159550AB5074A897CF /* Check Pods Manifest.lock */,
				888D218F1B032415002B3302 /* Sources */,
				888D21901B032415002B3302 /* Resources */,
				888D21911B032415002B3302 /* Frameworks */,
				3E89136BB30A5CA47E0DF97B /* Copy Pods Resources */,
			);
			buildRules = (
			);
			dependencies = (
			);
			name = AceJump;
			productName = AceJump;
			productReference = 888D21931B032415002B3302 /* AceJump.xcplugin */;
			productType = "com.apple.product-type.bundle";
		};
/* End PBXNativeTarget section */

/* Begin PBXProject section */
		888D218B1B032415002B3302 /* Project object */ = {
			isa = PBXProject;
			attributes = {
				LastUpgradeCheck = 0630;
				ORGANIZATIONNAME = Superbil;
				TargetAttributes = {
					888D21921B032415002B3302 = {
						CreatedOnToolsVersion = 6.3.1;
					};
				};
			};
			buildConfigurationList = 888D218E1B032415002B3302 /* Build configuration list for PBXProject "AceJump" */;
			compatibilityVersion = "Xcode 3.2";
			developmentRegion = English;
			hasScannedForEncodings = 0;
			knownRegions = (
				en,
			);
			mainGroup = 888D218A1B032415002B3302;
			productRefGroup = 888D21941B032415002B3302 /* Products */;
			projectDirPath = "";
			projectRoot = "";
			targets = (
				888D21921B032415002B3302 /* AceJump */,
			);
		};
/* End PBXProject section */

/* Begin PBXResourcesBuildPhase section */
		888D21901B032415002B3302 /* Resources */ = {
			isa = PBXResourcesBuildPhase;
			buildActionMask = 2147483647;
			files = (
				888D219E1B032415002B3302 /* AceJump.xcscheme in Resources */,
			);
			runOnlyForDeploymentPostprocessing = 0;
		};
/* End PBXResourcesBuildPhase section */

/* Begin PBXShellScriptBuildPhase section */
		06400C159550AB5074A897CF /* Check Pods Manifest.lock */ = {
			isa = PBXShellScriptBuildPhase;
			buildActionMask = 2147483647;
			files = (
			);
			inputPaths = (
			);
			name = "Check Pods Manifest.lock";
			outputPaths = (
			);
			runOnlyForDeploymentPostprocessing = 0;
			shellPath = /bin/sh;
			shellScript = "diff \"${PODS_ROOT}/../Podfile.lock\" \"${PODS_ROOT}/Manifest.lock\" > /dev/null\nif [[ $? != 0 ]] ; then\n    cat << EOM\nerror: The sandbox is not in sync with the Podfile.lock. Run 'pod install' or update your CocoaPods installation.\nEOM\n    exit 1\nfi\n";
			showEnvVarsInLog = 0;
		};
		3E89136BB30A5CA47E0DF97B /* Copy Pods Resources */ = {
			isa = PBXShellScriptBuildPhase;
			buildActionMask = 2147483647;
			files = (
			);
			inputPaths = (
			);
			name = "Copy Pods Resources";
			outputPaths = (
			);
			runOnlyForDeploymentPostprocessing = 0;
			shellPath = /bin/sh;
			shellScript = "\"${SRCROOT}/Pods/Target Support Files/Pods-AceJump/Pods-AceJump-resources.sh\"\n";
			showEnvVarsInLog = 0;
		};
/* End PBXShellScriptBuildPhase section */

/* Begin PBXSourcesBuildPhase section */
		888D218F1B032415002B3302 /* Sources */ = {
			isa = PBXSourcesBuildPhase;
			buildActionMask = 2147483647;
			files = (
				888D21A11B032415002B3302 /* AceJump.m in Sources */,
			);
			runOnlyForDeploymentPostprocessing = 0;
		};
/* End PBXSourcesBuildPhase section */

/* Begin XCBuildConfiguration section */
		888D21A21B032415002B3302 /* Debug */ = {
			isa = XCBuildConfiguration;
			buildSettings = {
				ALWAYS_SEARCH_USER_PATHS = NO;
				CLANG_CXX_LANGUAGE_STANDARD = "gnu++0x";
				CLANG_CXX_LIBRARY = "libc++";
				CLANG_ENABLE_MODULES = YES;
				CLANG_ENABLE_OBJC_ARC = YES;
				CLANG_WARN_BOOL_CONVERSION = YES;
				CLANG_WARN_CONSTANT_CONVERSION = YES;
				CLANG_WARN_DIRECT_OBJC_ISA_USAGE = YES_ERROR;
				CLANG_WARN_EMPTY_BODY = YES;
				CLANG_WARN_ENUM_CONVERSION = YES;
				CLANG_WARN_INT_CONVERSION = YES;
				CLANG_WARN_OBJC_ROOT_CLASS = YES_ERROR;
				CLANG_WARN_UNREACHABLE_CODE = YES;
				CLANG_WARN__DUPLICATE_METHOD_MATCH = YES;
				COPY_PHASE_STRIP = NO;
				ENABLE_STRICT_OBJC_MSGSEND = YES;
				GCC_C_LANGUAGE_STANDARD = gnu99;
				GCC_DYNAMIC_NO_PIC = NO;
				GCC_NO_COMMON_BLOCKS = YES;
				GCC_OPTIMIZATION_LEVEL = 0;
				GCC_PREPROCESSOR_DEFINITIONS = (
					"DEBUG=1",
					"$(inherited)",
				);
				GCC_SYMBOLS_PRIVATE_EXTERN = NO;
				GCC_WARN_64_TO_32_BIT_CONVERSION = YES;
				GCC_WARN_ABOUT_RETURN_TYPE = YES_ERROR;
				GCC_WARN_UNDECLARED_SELECTOR = YES;
				GCC_WARN_UNINITIALIZED_AUTOS = YES_AGGRESSIVE;
				GCC_WARN_UNUSED_FUNCTION = YES;
				GCC_WARN_UNUSED_VARIABLE = YES;
				MTL_ENABLE_DEBUG_INFO = YES;
				ONLY_ACTIVE_ARCH = YES;
			};
			name = Debug;
		};
		888D21A31B032415002B3302 /* Release */ = {
			isa = XCBuildConfiguration;
			buildSettings = {
				ALWAYS_SEARCH_USER_PATHS = NO;
				CLANG_CXX_LANGUAGE_STANDARD = "gnu++0x";
				CLANG_CXX_LIBRARY = "libc++";
				CLANG_ENABLE_MODULES = YES;
				CLANG_ENABLE_OBJC_ARC = YES;
				CLANG_WARN_BOOL_CONVERSION = YES;
				CLANG_WARN_CONSTANT_CONVERSION = YES;
				CLANG_WARN_DIRECT_OBJC_ISA_USAGE = YES_ERROR;
				CLANG_WARN_EMPTY_BODY = YES;
				CLANG_WARN_ENUM_CONVERSION = YES;
				CLANG_WARN_INT_CONVERSION = YES;
				CLANG_WARN_OBJC_ROOT_CLASS = YES_ERROR;
				CLANG_WARN_UNREACHABLE_CODE = YES;
				CLANG_WARN__DUPLICATE_METHOD_MATCH = YES;
				COPY_PHASE_STRIP = NO;
				ENABLE_NS_ASSERTIONS = NO;
				ENABLE_STRICT_OBJC_MSGSEND = YES;
				GCC_C_LANGUAGE_STANDARD = gnu99;
				GCC_NO_COMMON_BLOCKS = YES;
				GCC_WARN_64_TO_32_BIT_CONVERSION = YES;
				GCC_WARN_ABOUT_RETURN_TYPE = YES_ERROR;
				GCC_WARN_UNDECLARED_SELECTOR = YES;
				GCC_WARN_UNINITIALIZED_AUTOS = YES_AGGRESSIVE;
				GCC_WARN_UNUSED_FUNCTION = YES;
				GCC_WARN_UNUSED_VARIABLE = YES;
				MTL_ENABLE_DEBUG_INFO = NO;
			};
			name = Release;
		};
		888D21A51B032415002B3302 /* Debug */ = {
			isa = XCBuildConfiguration;
			baseConfigurationReference = C93A36CB026EBD7A214BE2B9 /* Pods-AceJump.debug.xcconfig */;
			buildSettings = {
				COMBINE_HIDPI_IMAGES = YES;
				DEPLOYMENT_LOCATION = YES;
				DSTROOT = "$(HOME)";
				INFOPLIST_FILE = AceJump/Info.plist;
				INSTALL_PATH = "/Library/Application Support/Developer/Shared/Xcode/Plug-ins";
				MACOSX_DEPLOYMENT_TARGET = 10.10;
				PRODUCT_NAME = "$(TARGET_NAME)";
				WRAPPER_EXTENSION = xcplugin;
			};
			name = Debug;
		};
		888D21A61B032415002B3302 /* Release */ = {
			isa = XCBuildConfiguration;
			baseConfigurationReference = 7DF9C23DE4F43C8C3880D261 /* Pods-AceJump.release.xcconfig */;
			buildSettings = {
				COMBINE_HIDPI_IMAGES = YES;
				DEPLOYMENT_LOCATION = YES;
				DSTROOT = "$(HOME)";
				INFOPLIST_FILE = AceJump/Info.plist;
				INSTALL_PATH = "/Library/Application Support/Developer/Shared/Xcode/Plug-ins";
				MACOSX_DEPLOYMENT_TARGET = 10.10;
				PRODUCT_NAME = "$(TARGET_NAME)";
				WRAPPER_EXTENSION = xcplugin;
			};
			name = Release;
		};
/* End XCBuildConfiguration section */

/* Begin XCConfigurationList section */
		888D218E1B032415002B3302 /* Build configuration list for PBXProject "AceJump" */ = {
			isa = XCConfigurationList;
			buildConfigurations = (
				888D21A21B032415002B3302 /* Debug */,
				888D21A31B032415002B3302 /* Release */,
			);
			defaultConfigurationIsVisible = 0;
			defaultConfigurationName = Release;
		};
		888D21A41B032415002B3302 /* Build configuration list for PBXNativeTarget "AceJump" */ = {
			isa = XCConfigurationList;
			buildConfigurations = (
				888D21A51B032415002B3302 /* Debug */,
				888D21A61B032415002B3302 /* Release */,
			);
			defaultConfigurationIsVisible = 0;
			defaultConfigurationName = Release;
		};
/* End XCConfigurationList section */
	};
	rootObject = 888D218B1B032415002B3302 /* Project object */;
}
